
Microsoft Visual Studio Solution File, Format Version 12.00
# Visual Studio Version 17
VisualStudioVersion = 17.10.35013.160
MinimumVisualStudioVersion = 10.0.40219.1
Project("{FAE04EC0-301F-11D3-BF4B-00C04F79EFBC}") = "EmployeeService.Application", "EmployeeService.Application\EmployeeService.Application.csproj", "{1AED3EFD-29F6-4018-8E0A-A1FC75BFA97B}"
EndProject
Project("{FAE04EC0-301F-11D3-BF4B-00C04F79EFBC}") = "EmployeeService.Domain", "EmployeeService.Domain\EmployeeService.Domain.csproj", "{9C4852B3-B3EB-41CC-84E1-3874B2FA69EA}"
EndProject
Project("{FAE04EC0-301F-11D3-BF4B-00C04F79EFBC}") = "EmployeeService.Infrastructure", "EmployeeService.Infrastructure\EmployeeService.Infrastructure.csproj", "{7436A6F9-199D-4347-8F34-7045D13A0325}"
EndProject
Project("{FAE04EC0-301F-11D3-BF4B-00C04F79EFBC}") = "EmployeeService.Api", "EmployeeService.Api\EmployeeService.Api.csproj", "{C39C12F6-C396-4D6C-8669-049272087FF6}"
EndProject
Project("{FAE04EC0-301F-11D3-BF4B-00C04F79EFBC}") = "UserService .Api", "UserService .Api\UserService .Api.csproj", "{4EA81491-4734-46EC-8A9E-AD419E1602A6}"
EndProject
Project("{FAE04EC0-301F-11D3-BF4B-00C04F79EFBC}") = "UserService.Application", "UserService.Application\UserService.Application.csproj", "{70CDE85F-13AD-498E-917B-520437FDB923}"
EndProject
Project("{FAE04EC0-301F-11D3-BF4B-00C04F79EFBC}") = "UserService.Domain", "UserService.Domain\UserService.Domain.csproj", "{C1F6801E-BE26-4340-9CB3-1F8F79BAC3C3}"
EndProject
Project("{FAE04EC0-301F-11D3-BF4B-00C04F79EFBC}") = "UserService.Infrastructure", "UserService.Infrastructure\UserService.Infrastructure.csproj", "{A6E36B0A-115E-49EF-80AA-4AA132BBA556}"
EndProject
Project("{FAE04EC0-301F-11D3-BF4B-00C04F79EFBC}") = "DriverService.Api", "DriverService.Api\DriverService.Api.csproj", "{2E4D8606-F478-4B83-A0EB-082866832258}"
EndProject
Project("{FAE04EC0-301F-11D3-BF4B-00C04F79EFBC}") = "DriverService.Application", "DriverService.Application\DriverService.Application.csproj", "{553C1245-EEFF-49A9-9728-9A423606FD2C}"
EndProject
Project("{FAE04EC0-301F-11D3-BF4B-00C04F79EFBC}") = "DriverService.Domain", "DriverService.Domain\DriverService.Domain.csproj", "{4D7EDBCB-D97F-492C-96E7-34375D46CAD3}"
EndProject
Project("{FAE04EC0-301F-11D3-BF4B-00C04F79EFBC}") = "DriverService.Infrastructure", "DriverService.Infrastructure\DriverService.Infrastructure.csproj", "{39E6E7AA-BBB5-47BF-8870-C3054E76C5AF}"
EndProject
Project("{FAE04EC0-301F-11D3-BF4B-00C04F79EFBC}") = "SharedKernel", "SharedKernel\SharedKernel.csproj", "{575FEF06-9469-4017-9CDE-6722C1E58FF6}"
EndProject
Project("{2150E333-8FDC-42A3-9474-1A3956D46DE8}") = "DriverService", "DriverService", "{F9DFD2CA-1A97-49B4-8A70-5D4F94AB86E9}"
EndProject
Project("{2150E333-8FDC-42A3-9474-1A3956D46DE8}") = "EmployeeService", "EmployeeService", "{00DD7A23-6D40-4696-9B08-706F66C2A4B5}"
EndProject
Project("{2150E333-8FDC-42A3-9474-1A3956D46DE8}") = "UserService", "UserService", "{4F681D24-7841-4610-9373-0DC65EB7727A}"
EndProject
Project("{FAE04EC0-301F-11D3-BF4B-00C04F79EFBC}") = "SharedKernel.Api", "SharedKernel.Api\SharedKernel.Api.csproj", "{BB9368D7-436C-4DE1-8C69-0501BD4E0FDF}"
EndProject
Project("{2150E333-8FDC-42A3-9474-1A3956D46DE8}") = "SharedKernelService", "SharedKernelService", "{030617F3-5DAB-419E-81BF-522E07E00099}"
EndProject
Global
	GlobalSection(SolutionConfigurationPlatforms) = preSolution
		Debug|Any CPU = Debug|Any CPU
		Release|Any CPU = Release|Any CPU
	EndGlobalSection
	GlobalSection(ProjectConfigurationPlatforms) = postSolution
		{1AED3EFD-29F6-4018-8E0A-A1FC75BFA97B}.Debug|Any CPU.ActiveCfg = Debug|Any CPU
		{1AED3EFD-29F6-4018-8E0A-A1FC75BFA97B}.Debug|Any CPU.Build.0 = Debug|Any CPU
		{1AED3EFD-29F6-4018-8E0A-A1FC75BFA97B}.Release|Any CPU.ActiveCfg = Release|Any CPU
		{1AED3EFD-29F6-4018-8E0A-A1FC75BFA97B}.Release|Any CPU.Build.0 = Release|Any CPU
		{9C4852B3-B3EB-41CC-84E1-3874B2FA69EA}.Debug|Any CPU.ActiveCfg = Debug|Any CPU
		{9C4852B3-B3EB-41CC-84E1-3874B2FA69EA}.Debug|Any CPU.Build.0 = Debug|Any CPU
		{9C4852B3-B3EB-41CC-84E1-3874B2FA69EA}.Release|Any CPU.ActiveCfg = Release|Any CPU
		{9C4852B3-B3EB-41CC-84E1-3874B2FA69EA}.Release|Any CPU.Build.0 = Release|Any CPU
		{7436A6F9-199D-4347-8F34-7045D13A0325}.Debug|Any CPU.ActiveCfg = Debug|Any CPU
		{7436A6F9-199D-4347-8F34-7045D13A0325}.Debug|Any CPU.Build.0 = Debug|Any CPU
		{7436A6F9-199D-4347-8F34-7045D13A0325}.Release|Any CPU.ActiveCfg = Release|Any CPU
		{7436A6F9-199D-4347-8F34-7045D13A0325}.Release|Any CPU.Build.0 = Release|Any CPU
		{C39C12F6-C396-4D6C-8669-049272087FF6}.Debug|Any CPU.ActiveCfg = Debug|Any CPU
		{C39C12F6-C396-4D6C-8669-049272087FF6}.Debug|Any CPU.Build.0 = Debug|Any CPU
		{C39C12F6-C396-4D6C-8669-049272087FF6}.Release|Any CPU.ActiveCfg = Release|Any CPU
		{C39C12F6-C396-4D6C-8669-049272087FF6}.Release|Any CPU.Build.0 = Release|Any CPU
		{4EA81491-4734-46EC-8A9E-AD419E1602A6}.Debug|Any CPU.ActiveCfg = Debug|Any CPU
		{4EA81491-4734-46EC-8A9E-AD419E1602A6}.Debug|Any CPU.Build.0 = Debug|Any CPU
		{4EA81491-4734-46EC-8A9E-AD419E1602A6}.Release|Any CPU.ActiveCfg = Release|Any CPU
		{4EA81491-4734-46EC-8A9E-AD419E1602A6}.Release|Any CPU.Build.0 = Release|Any CPU
		{70CDE85F-13AD-498E-917B-520437FDB923}.Debug|Any CPU.ActiveCfg = Debug|Any CPU
		{70CDE85F-13AD-498E-917B-520437FDB923}.Debug|Any CPU.Build.0 = Debug|Any CPU
		{70CDE85F-13AD-498E-917B-520437FDB923}.Release|Any CPU.ActiveCfg = Release|Any CPU
		{70CDE85F-13AD-498E-917B-520437FDB923}.Release|Any CPU.Build.0 = Release|Any CPU
		{C1F6801E-BE26-4340-9CB3-1F8F79BAC3C3}.Debug|Any CPU.ActiveCfg = Debug|Any CPU
		{C1F6801E-BE26-4340-9CB3-1F8F79BAC3C3}.Debug|Any CPU.Build.0 = Debug|Any CPU
		{C1F6801E-BE26-4340-9CB3-1F8F79BAC3C3}.Release|Any CPU.ActiveCfg = Release|Any CPU
		{C1F6801E-BE26-4340-9CB3-1F8F79BAC3C3}.Release|Any CPU.Build.0 = Release|Any CPU
		{A6E36B0A-115E-49EF-80AA-4AA132BBA556}.Debug|Any CPU.ActiveCfg = Debug|Any CPU
		{A6E36B0A-115E-49EF-80AA-4AA132BBA556}.Debug|Any CPU.Build.0 = Debug|Any CPU
		{A6E36B0A-115E-49EF-80AA-4AA132BBA556}.Release|Any CPU.ActiveCfg = Release|Any CPU
		{A6E36B0A-115E-49EF-80AA-4AA132BBA556}.Release|Any CPU.Build.0 = Release|Any CPU
		{2E4D8606-F478-4B83-A0EB-082866832258}.Debug|Any CPU.ActiveCfg = Debug|Any CPU
		{2E4D8606-F478-4B83-A0EB-082866832258}.Debug|Any CPU.Build.0 = Debug|Any CPU
		{2E4D8606-F478-4B83-A0EB-082866832258}.Release|Any CPU.ActiveCfg = Release|Any CPU
		{2E4D8606-F478-4B83-A0EB-082866832258}.Release|Any CPU.Build.0 = Release|Any CPU
		{553C1245-EEFF-49A9-9728-9A423606FD2C}.Debug|Any CPU.ActiveCfg = Debug|Any CPU
		{553C1245-EEFF-49A9-9728-9A423606FD2C}.Debug|Any CPU.Build.0 = Debug|Any CPU
		{553C1245-EEFF-49A9-9728-9A423606FD2C}.Release|Any CPU.ActiveCfg = Release|Any CPU
		{553C1245-EEFF-49A9-9728-9A423606FD2C}.Release|Any CPU.Build.0 = Release|Any CPU
		{4D7EDBCB-D97F-492C-96E7-34375D46CAD3}.Debug|Any CPU.ActiveCfg = Debug|Any CPU
		{4D7EDBCB-D97F-492C-96E7-34375D46CAD3}.Debug|Any CPU.Build.0 = Debug|Any CPU
		{4D7EDBCB-D97F-492C-96E7-34375D46CAD3}.Release|Any CPU.ActiveCfg = Release|Any CPU
		{4D7EDBCB-D97F-492C-96E7-34375D46CAD3}.Release|Any CPU.Build.0 = Release|Any CPU
		{39E6E7AA-BBB5-47BF-8870-C3054E76C5AF}.Debug|Any CPU.ActiveCfg = Debug|Any CPU
		{39E6E7AA-BBB5-47BF-8870-C3054E76C5AF}.Debug|Any CPU.Build.0 = Debug|Any CPU
		{39E6E7AA-BBB5-47BF-8870-C3054E76C5AF}.Release|Any CPU.ActiveCfg = Release|Any CPU
		{39E6E7AA-BBB5-47BF-8870-C3054E76C5AF}.Release|Any CPU.Build.0 = Release|Any CPU
		{575FEF06-9469-4017-9CDE-6722C1E58FF6}.Debug|Any CPU.ActiveCfg = Debug|Any CPU
		{575FEF06-9469-4017-9CDE-6722C1E58FF6}.Debug|Any CPU.Build.0 = Debug|Any CPU
		{575FEF06-9469-4017-9CDE-6722C1E58FF6}.Release|Any CPU.ActiveCfg = Release|Any CPU
		{575FEF06-9469-4017-9CDE-6722C1E58FF6}.Release|Any CPU.Build.0 = Release|Any CPU
		{BB9368D7-436C-4DE1-8C69-0501BD4E0FDF}.Debug|Any CPU.ActiveCfg = Debug|Any CPU
		{BB9368D7-436C-4DE1-8C69-0501BD4E0FDF}.Debug|Any CPU.Build.0 = Debug|Any CPU
		{BB9368D7-436C-4DE1-8C69-0501BD4E0FDF}.Release|Any CPU.ActiveCfg = Release|Any CPU
		{BB9368D7-436C-4DE1-8C69-0501BD4E0FDF}.Release|Any CPU.Build.0 = Release|Any CPU
	EndGlobalSection
	GlobalSection(SolutionProperties) = preSolution
		HideSolutionNode = FALSE
	EndGlobalSection
	GlobalSection(NestedProjects) = preSolution
		{1AED3EFD-29F6-4018-8E0A-A1FC75BFA97B} = {00DD7A23-6D40-4696-9B08-706F66C2A4B5}
		{9C4852B3-B3EB-41CC-84E1-3874B2FA69EA} = {00DD7A23-6D40-4696-9B08-706F66C2A4B5}
		{7436A6F9-199D-4347-8F34-7045D13A0325} = {00DD7A23-6D40-4696-9B08-706F66C2A4B5}
		{C39C12F6-C396-4D6C-8669-049272087FF6} = {00DD7A23-6D40-4696-9B08-706F66C2A4B5}
		{4EA81491-4734-46EC-8A9E-AD419E1602A6} = {4F681D24-7841-4610-9373-0DC65EB7727A}
		{70CDE85F-13AD-498E-917B-520437FDB923} = {4F681D24-7841-4610-9373-0DC65EB7727A}
		{C1F6801E-BE26-4340-9CB3-1F8F79BAC3C3} = {4F681D24-7841-4610-9373-0DC65EB7727A}
		{A6E36B0A-115E-49EF-80AA-4AA132BBA556} = {4F681D24-7841-4610-9373-0DC65EB7727A}
		{2E4D8606-F478-4B83-A0EB-082866832258} = {F9DFD2CA-1A97-49B4-8A70-5D4F94AB86E9}
		{553C1245-EEFF-49A9-9728-9A423606FD2C} = {F9DFD2CA-1A97-49B4-8A70-5D4F94AB86E9}
		{4D7EDBCB-D97F-492C-96E7-34375D46CAD3} = {F9DFD2CA-1A97-49B4-8A70-5D4F94AB86E9}
		{39E6E7AA-BBB5-47BF-8870-C3054E76C5AF} = {F9DFD2CA-1A97-49B4-8A70-5D4F94AB86E9}
		{575FEF06-9469-4017-9CDE-6722C1E58FF6} = {030617F3-5DAB-419E-81BF-522E07E00099}
		{BB9368D7-436C-4DE1-8C69-0501BD4E0FDF} = {030617F3-5DAB-419E-81BF-522E07E00099}
	EndGlobalSection
	GlobalSection(ExtensibilityGlobals) = postSolution
		SolutionGuid = {106BBCCB-99C7-4180-ACE7-F4343664AFB2}
	EndGlobalSection
EndGlobal
